
Microsoft Visual Studio Solution File, Format Version 12.00
# Visual Studio Version 17
VisualStudioVersion = 17.12.35527.113
MinimumVisualStudioVersion = 10.0.40219.1
Project("{2150E333-8FDC-42A3-9474-1A3956D46DE8}") = "Services", "Services", "{C4B00F82-EA60-45E5-8C13-8DD0FBA74EEA}"
EndProject
Project("{2150E333-8FDC-42A3-9474-1A3956D46DE8}") = "Catalog", "Catalog", "{290B4B83-A843-4D12-9B14-55E532A54463}"
EndProject
Project("{FAE04EC0-301F-11D3-BF4B-00C04F79EFBC}") = "Catalog.API", "Services\Catalog\Catalog.API\Catalog.API.csproj", "{351BA622-54A5-45EB-BD17-D07C21349989}"
EndProject
Project("{2150E333-8FDC-42A3-9474-1A3956D46DE8}") = "BuildingBlocks", "BuildingBlocks", "{E2A178D3-1560-476A-9038-2AE9FB337AC5}"
EndProject
Project("{FAE04EC0-301F-11D3-BF4B-00C04F79EFBC}") = "BuildingBlocks", "BuildingBlocks\BuildingBlocks\BuildingBlocks.csproj", "{5C5B5304-C757-493E-BCF5-C235EDBA577C}"
EndProject
Global
	GlobalSection(SolutionConfigurationPlatforms) = preSolution
		Debug|Any CPU = Debug|Any CPU
		Release|Any CPU = Release|Any CPU
	EndGlobalSection
	GlobalSection(ProjectConfigurationPlatforms) = postSolution
		{351BA622-54A5-45EB-BD17-D07C21349989}.Debug|Any CPU.ActiveCfg = Debug|Any CPU
		{351BA622-54A5-45EB-BD17-D07C21349989}.Debug|Any CPU.Build.0 = Debug|Any CPU
		{351BA622-54A5-45EB-BD17-D07C21349989}.Release|Any CPU.ActiveCfg = Release|Any CPU
		{351BA622-54A5-45EB-BD17-D07C21349989}.Release|Any CPU.Build.0 = Release|Any CPU
		{5C5B5304-C757-493E-BCF5-C235EDBA577C}.Debug|Any CPU.ActiveCfg = Debug|Any CPU
		{5C5B5304-C757-493E-BCF5-C235EDBA577C}.Debug|Any CPU.Build.0 = Debug|Any CPU
		{5C5B5304-C757-493E-BCF5-C235EDBA577C}.Release|Any CPU.ActiveCfg = Release|Any CPU
		{5C5B5304-C757-493E-BCF5-C235EDBA577C}.Release|Any CPU.Build.0 = Release|Any CPU
	EndGlobalSection
	GlobalSection(SolutionProperties) = preSolution
		HideSolutionNode = FALSE
	EndGlobalSection
	GlobalSection(NestedProjects) = preSolution
		{290B4B83-A843-4D12-9B14-55E532A54463} = {C4B00F82-EA60-45E5-8C13-8DD0FBA74EEA}
		{351BA622-54A5-45EB-BD17-D07C21349989} = {290B4B83-A843-4D12-9B14-55E532A54463}
		{5C5B5304-C757-493E-BCF5-C235EDBA577C} = {E2A178D3-1560-476A-9038-2AE9FB337AC5}
	EndGlobalSection
EndGlobal
